// !$*UTF8*$!
{
	archiveVersion = 1;
	classes = {
	};
	objectVersion = 50;
	objects = {

/* Begin PBXBuildFile section */
		A744DFA42079246100F667D8 /* AppDelegate.swift in Sources */ = {isa = PBXBuildFile; fileRef = A744DFA32079246100F667D8 /* AppDelegate.swift */; };
		A744DFA62079246100F667D8 /* ViewController.swift in Sources */ = {isa = PBXBuildFile; fileRef = A744DFA52079246100F667D8 /* ViewController.swift */; };
		A744DFA92079246100F667D8 /* Main.storyboard in Resources */ = {isa = PBXBuildFile; fileRef = A744DFA72079246100F667D8 /* Main.storyboard */; };
		A744DFAB2079246200F667D8 /* Assets.xcassets in Resources */ = {isa = PBXBuildFile; fileRef = A744DFAA2079246200F667D8 /* Assets.xcassets */; };
		A744DFAE2079246200F667D8 /* LaunchScreen.storyboard in Resources */ = {isa = PBXBuildFile; fileRef = A744DFAC2079246200F667D8 /* LaunchScreen.storyboard */; };
		A744DFB92079246200F667D8 /* SportsStoreTests.swift in Sources */ = {isa = PBXBuildFile; fileRef = A744DFB82079246200F667D8 /* SportsStoreTests.swift */; };
		A744DFC42079246200F667D8 /* SportsStoreUITests.swift in Sources */ = {isa = PBXBuildFile; fileRef = A744DFC32079246200F667D8 /* SportsStoreUITests.swift */; };
/* End PBXBuildFile section */

/* Begin PBXContainerItemProxy section */
		A744DFB52079246200F667D8 /* PBXContainerItemProxy */ = {
			isa = PBXContainerItemProxy;
			containerPortal = A744DF982079246100F667D8 /* Project object */;
			proxyType = 1;
			remoteGlobalIDString = A744DF9F2079246100F667D8;
			remoteInfo = SportsStore;
		};
		A744DFC02079246200F667D8 /* PBXContainerItemProxy */ = {
			isa = PBXContainerItemProxy;
			containerPortal = A744DF982079246100F667D8 /* Project object */;
			proxyType = 1;
			remoteGlobalIDString = A744DF9F2079246100F667D8;
			remoteInfo = SportsStore;
		};
/* End PBXContainerItemProxy section */

/* Begin PBXFileReference section */
		A744DFA02079246100F667D8 /* SportsStore.app */ = {isa = PBXFileReference; explicitFileType = wrapper.application; includeInIndex = 0; path = SportsStore.app; sourceTree = BUILT_PRODUCTS_DIR; };
		A744DFA32079246100F667D8 /* AppDelegate.swift */ = {isa = PBXFileReference; lastKnownFileType = sourcecode.swift; path = AppDelegate.swift; sourceTree = "<group>"; };
		A744DFA52079246100F667D8 /* ViewController.swift */ = {isa = PBXFileReference; lastKnownFileType = sourcecode.swift; path = ViewController.swift; sourceTree = "<group>"; };
		A744DFA82079246100F667D8 /* Base */ = {isa = PBXFileReference; lastKnownFileType = file.storyboard; name = Base; path = Base.lproj/Main.storyboard; sourceTree = "<group>"; };
		A744DFAA2079246200F667D8 /* Assets.xcassets */ = {isa = PBXFileReference; lastKnownFileType = folder.assetcatalog; path = Assets.xcassets; sourceTree = "<group>"; };
		A744DFAD2079246200F667D8 /* Base */ = {isa = PBXFileReference; lastKnownFileType = file.storyboard; name = Base; path = Base.lproj/LaunchScreen.storyboard; sourceTree = "<group>"; };
		A744DFAF2079246200F667D8 /* Info.plist */ = {isa = PBXFileReference; lastKnownFileType = text.plist.xml; path = Info.plist; sourceTree = "<group>"; };
		A744DFB42079246200F667D8 /* SportsStoreTests.xctest */ = {isa = PBXFileReference; explicitFileType = wrapper.cfbundle; includeInIndex = 0; path = SportsStoreTests.xctest; sourceTree = BUILT_PRODUCTS_DIR; };
		A744DFB82079246200F667D8 /* SportsStoreTests.swift */ = {isa = PBXFileReference; lastKnownFileType = sourcecode.swift; path = SportsStoreTests.swift; sourceTree = "<group>"; };
		A744DFBA2079246200F667D8 /* Info.plist */ = {isa = PBXFileReference; lastKnownFileType = text.plist.xml; path = Info.plist; sourceTree = "<group>"; };
		A744DFBF2079246200F667D8 /* SportsStoreUITests.xctest */ = {isa = PBXFileReference; explicitFileType = wrapper.cfbundle; includeInIndex = 0; path = SportsStoreUITests.xctest; sourceTree = BUILT_PRODUCTS_DIR; };
		A744DFC32079246200F667D8 /* SportsStoreUITests.swift */ = {isa = PBXFileReference; lastKnownFileType = sourcecode.swift; path = SportsStoreUITests.swift; sourceTree = "<group>"; };
		A744DFC52079246200F667D8 /* Info.plist */ = {isa = PBXFileReference; lastKnownFileType = text.plist.xml; path = Info.plist; sourceTree = "<group>"; };
/* End PBXFileReference section */

/* Begin PBXFrameworksBuildPhase section */
		A744DF9D2079246100F667D8 /* Frameworks */ = {
			isa = PBXFrameworksBuildPhase;
			buildActionMask = 2147483647;
			files = (
			);
			runOnlyForDeploymentPostprocessing = 0;
		};
		A744DFB12079246200F667D8 /* Frameworks */ = {
			isa = PBXFrameworksBuildPhase;
			buildActionMask = 2147483647;
			files = (
			);
			runOnlyForDeploymentPostprocessing = 0;
		};
		A744DFBC2079246200F667D8 /* Frameworks */ = {
			isa = PBXFrameworksBuildPhase;
			buildActionMask = 2147483647;
			files = (
			);
			runOnlyForDeploymentPostprocessing = 0;
		};
/* End PBXFrameworksBuildPhase section */

/* Begin PBXGroup section */
		A744DF972079246100F667D8 = {
			isa = PBXGroup;
			children = (
				A744DFA22079246100F667D8 /* SportsStore */,
				A744DFB72079246200F667D8 /* SportsStoreTests */,
				A744DFC22079246200F667D8 /* SportsStoreUITests */,
				A744DFA12079246100F667D8 /* Products */,
			);
			sourceTree = "<group>";
		};
		A744DFA12079246100F667D8 /* Products */ = {
			isa = PBXGroup;
			children = (
				A744DFA02079246100F667D8 /* SportsStore.app */,
				A744DFB42079246200F667D8 /* SportsStoreTests.xctest */,
				A744DFBF2079246200F667D8 /* SportsStoreUITests.xctest */,
			);
			name = Products;
			sourceTree = "<group>";
		};
		A744DFA22079246100F667D8 /* SportsStore */ = {
			isa = PBXGroup;
			children = (
				A744DFA32079246100F667D8 /* AppDelegate.swift */,
				A744DFA52079246100F667D8 /* ViewController.swift */,
				A744DFA72079246100F667D8 /* Main.storyboard */,
				A744DFAA2079246200F667D8 /* Assets.xcassets */,
				A744DFAC2079246200F667D8 /* LaunchScreen.storyboard */,
				A744DFAF2079246200F667D8 /* Info.plist */,
			);
			path = SportsStore;
			sourceTree = "<group>";
		};
		A744DFB72079246200F667D8 /* SportsStoreTests */ = {
			isa = PBXGroup;
			children = (
				A744DFB82079246200F667D8 /* SportsStoreTests.swift */,
				A744DFBA2079246200F667D8 /* Info.plist */,
			);
			path = SportsStoreTests;
			sourceTree = "<group>";
		};
		A744DFC22079246200F667D8 /* SportsStoreUITests */ = {
			isa = PBXGroup;
			children = (
				A744DFC32079246200F667D8 /* SportsStoreUITests.swift */,
				A744DFC52079246200F667D8 /* Info.plist */,
			);
			path = SportsStoreUITests;
			sourceTree = "<group>";
		};
/* End PBXGroup section */

/* Begin PBXNativeTarget section */
		A744DF9F2079246100F667D8 /* SportsStore */ = {
			isa = PBXNativeTarget;
			buildConfigurationList = A744DFC82079246200F667D8 /* Build configuration list for PBXNativeTarget "SportsStore" */;
			buildPhases = (
				A744DF9C2079246100F667D8 /* Sources */,
				A744DF9D2079246100F667D8 /* Frameworks */,
				A744DF9E2079246100F667D8 /* Resources */,
			);
			buildRules = (
			);
			dependencies = (
			);
			name = SportsStore;
			productName = SportsStore;
			productReference = A744DFA02079246100F667D8 /* SportsStore.app */;
			productType = "com.apple.product-type.application";
		};
		A744DFB32079246200F667D8 /* SportsStoreTests */ = {
			isa = PBXNativeTarget;
			buildConfigurationList = A744DFCB2079246200F667D8 /* Build configuration list for PBXNativeTarget "SportsStoreTests" */;
			buildPhases = (
				A744DFB02079246200F667D8 /* Sources */,
				A744DFB12079246200F667D8 /* Frameworks */,
				A744DFB22079246200F667D8 /* Resources */,
			);
			buildRules = (
			);
			dependencies = (
				A744DFB62079246200F667D8 /* PBXTargetDependency */,
			);
			name = SportsStoreTests;
			productName = SportsStoreTests;
			productReference = A744DFB42079246200F667D8 /* SportsStoreTests.xctest */;
			productType = "com.apple.product-type.bundle.unit-test";
		};
		A744DFBE2079246200F667D8 /* SportsStoreUITests */ = {
			isa = PBXNativeTarget;
			buildConfigurationList = A744DFCE2079246200F667D8 /* Build configuration list for PBXNativeTarget "SportsStoreUITests" */;
			buildPhases = (
				A744DFBB2079246200F667D8 /* Sources */,
				A744DFBC2079246200F667D8 /* Frameworks */,
				A744DFBD2079246200F667D8 /* Resources */,
			);
			buildRules = (
			);
			dependencies = (
				A744DFC12079246200F667D8 /* PBXTargetDependency */,
			);
			name = SportsStoreUITests;
			productName = SportsStoreUITests;
			productReference = A744DFBF2079246200F667D8 /* SportsStoreUITests.xctest */;
			productType = "com.apple.product-type.bundle.ui-testing";
		};
/* End PBXNativeTarget section */

/* Begin PBXProject section */
		A744DF982079246100F667D8 /* Project object */ = {
			isa = PBXProject;
			attributes = {
				LastSwiftUpdateCheck = 0930;
				LastUpgradeCheck = 0930;
				ORGANIZATIONNAME = Eden;
				TargetAttributes = {
					A744DF9F2079246100F667D8 = {
						CreatedOnToolsVersion = 9.3;
					};
					A744DFB32079246200F667D8 = {
						CreatedOnToolsVersion = 9.3;
						TestTargetID = A744DF9F2079246100F667D8;
					};
					A744DFBE2079246200F667D8 = {
						CreatedOnToolsVersion = 9.3;
						TestTargetID = A744DF9F2079246100F667D8;
					};
				};
			};
			buildConfigurationList = A744DF9B2079246100F667D8 /* Build configuration list for PBXProject "SportsStore" */;
			compatibilityVersion = "Xcode 9.3";
			developmentRegion = en;
			hasScannedForEncodings = 0;
			knownRegions = (
				en,
				Base,
			);
			mainGroup = A744DF972079246100F667D8;
			productRefGroup = A744DFA12079246100F667D8 /* Products */;
			projectDirPath = "";
			projectRoot = "";
			targets = (
				A744DF9F2079246100F667D8 /* SportsStore */,
				A744DFB32079246200F667D8 /* SportsStoreTests */,
				A744DFBE2079246200F667D8 /* SportsStoreUITests */,
			);
		};
/* End PBXProject section */

/* Begin PBXResourcesBuildPhase section */
		A744DF9E2079246100F667D8 /* Resources */ = {
			isa = PBXResourcesBuildPhase;
			buildActionMask = 2147483647;
			files = (
				A744DFAE2079246200F667D8 /* LaunchScreen.storyboard in Resources */,
				A744DFAB2079246200F667D8 /* Assets.xcassets in Resources */,
				A744DFA92079246100F667D8 /* Main.storyboard in Resources */,
			);
			runOnlyForDeploymentPostprocessing = 0;
		};
		A744DFB22079246200F667D8 /* Resources */ = {
			isa = PBXResourcesBuildPhase;
			buildActionMask = 2147483647;
			files = (
			);
			runOnlyForDeploymentPostprocessing = 0;
		};
		A744DFBD2079246200F667D8 /* Resources */ = {
			isa = PBXResourcesBuildPhase;
			buildActionMask = 2147483647;
			files = (
			);
			runOnlyForDeploymentPostprocessing = 0;
		};
/* End PBXResourcesBuildPhase section */

/* Begin PBXSourcesBuildPhase section */
		A744DF9C2079246100F667D8 /* Sources */ = {
			isa = PBXSourcesBuildPhase;
			buildActionMask = 2147483647;
			files = (
				A744DFA62079246100F667D8 /* ViewController.swift in Sources */,
				A744DFA42079246100F667D8 /* AppDelegate.swift in Sources */,
			);
			runOnlyForDeploymentPostprocessing = 0;
		};
		A744DFB02079246200F667D8 /* Sources */ = {
			isa = PBXSourcesBuildPhase;
			buildActionMask = 2147483647;
			files = (
				A744DFB92079246200F667D8 /* SportsStoreTests.swift in Sources */,
			);
			runOnlyForDeploymentPostprocessing = 0;
		};
		A744DFBB2079246200F667D8 /* Sources */ = {
			isa = PBXSourcesBuildPhase;
			buildActionMask = 2147483647;
			files = (
				A744DFC42079246200F667D8 /* SportsStoreUITests.swift in Sources */,
			);
			runOnlyForDeploymentPostprocessing = 0;
		};
/* End PBXSourcesBuildPhase section */

/* Begin PBXTargetDependency section */
		A744DFB62079246200F667D8 /* PBXTargetDependency */ = {
			isa = PBXTargetDependency;
			target = A744DF9F2079246100F667D8 /* SportsStore */;
			targetProxy = A744DFB52079246200F667D8 /* PBXContainerItemProxy */;
		};
		A744DFC12079246200F667D8 /* PBXTargetDependency */ = {
			isa = PBXTargetDependency;
			target = A744DF9F2079246100F667D8 /* SportsStore */;
			targetProxy = A744DFC02079246200F667D8 /* PBXContainerItemProxy */;
		};
/* End PBXTargetDependency section */

/* Begin PBXVariantGroup section */
		A744DFA72079246100F667D8 /* Main.storyboard */ = {
			isa = PBXVariantGroup;
			children = (
				A744DFA82079246100F667D8 /* Base */,
			);
			name = Main.storyboard;
			sourceTree = "<group>";
		};
		A744DFAC2079246200F667D8 /* LaunchScreen.storyboard */ = {
			isa = PBXVariantGroup;
			children = (
				A744DFAD2079246200F667D8 /* Base */,
			);
			name = LaunchScreen.storyboard;
			sourceTree = "<group>";
		};
/* End PBXVariantGroup section */

/* Begin XCBuildConfiguration section */
		A744DFC62079246200F667D8 /* Debug */ = {
			isa = XCBuildConfiguration;
			buildSettings = {
				ALWAYS_SEARCH_USER_PATHS = NO;
				CLANG_ANALYZER_NONNULL = YES;
				CLANG_ANALYZER_NUMBER_OBJECT_CONVERSION = YES_AGGRESSIVE;
				CLANG_CXX_LANGUAGE_STANDARD = "gnu++14";
				CLANG_CXX_LIBRARY = "libc++";
				CLANG_ENABLE_MODULES = YES;
				CLANG_ENABLE_OBJC_ARC = YES;
				CLANG_ENABLE_OBJC_WEAK = YES;
				CLANG_WARN_BLOCK_CAPTURE_AUTORELEASING = YES;
				CLANG_WARN_BOOL_CONVERSION = YES;
				CLANG_WARN_COMMA = YES;
				CLANG_WARN_CONSTANT_CONVERSION = YES;
				CLANG_WARN_DEPRECATED_OBJC_IMPLEMENTATIONS = YES;
				CLANG_WARN_DIRECT_OBJC_ISA_USAGE = YES_ERROR;
				CLANG_WARN_DOCUMENTATION_COMMENTS = YES;
				CLANG_WARN_EMPTY_BODY = YES;
				CLANG_WARN_ENUM_CONVERSION = YES;
				CLANG_WARN_INFINITE_RECURSION = YES;
				CLANG_WARN_INT_CONVERSION = YES;
				CLANG_WARN_NON_LITERAL_NULL_CONVERSION = YES;
				CLANG_WARN_OBJC_IMPLICIT_RETAIN_SELF = YES;
				CLANG_WARN_OBJC_LITERAL_CONVERSION = YES;
				CLANG_WARN_OBJC_ROOT_CLASS = YES_ERROR;
				CLANG_WARN_RANGE_LOOP_ANALYSIS = YES;
				CLANG_WARN_STRICT_PROTOTYPES = YES;
				CLANG_WARN_SUSPICIOUS_MOVE = YES;
				CLANG_WARN_UNGUARDED_AVAILABILITY = YES_AGGRESSIVE;
				CLANG_WARN_UNREACHABLE_CODE = YES;
				CLANG_WARN__DUPLICATE_METHOD_MATCH = YES;
				CODE_SIGN_IDENTITY = "iPhone Developer";
				COPY_PHASE_STRIP = NO;
				DEBUG_INFORMATION_FORMAT = dwarf;
				ENABLE_STRICT_OBJC_MSGSEND = YES;
				ENABLE_TESTABILITY = YES;
				GCC_C_LANGUAGE_STANDARD = gnu11;
				GCC_DYNAMIC_NO_PIC = NO;
				GCC_NO_COMMON_BLOCKS = YES;
				GCC_OPTIMIZATION_LEVEL = 0;
				GCC_PREPROCESSOR_DEFINITIONS = (
					"DEBUG=1",
					"$(inherited)",
				);
				GCC_WARN_64_TO_32_BIT_CONVERSION = YES;
				GCC_WARN_ABOUT_RETURN_TYPE = YES_ERROR;
				GCC_WARN_UNDECLARED_SELECTOR = YES;
				GCC_WARN_UNINITIALIZED_AUTOS = YES_AGGRESSIVE;
				GCC_WARN_UNUSED_FUNCTION = YES;
				GCC_WARN_UNUSED_VARIABLE = YES;
				IPHONEOS_DEPLOYMENT_TARGET = 11.3;
				MTL_ENABLE_DEBUG_INFO = YES;
				ONLY_ACTIVE_ARCH = YES;
				SDKROOT = iphoneos;
				SWIFT_ACTIVE_COMPILATION_CONDITIONS = DEBUG;
				SWIFT_OPTIMIZATION_LEVEL = "-Onone";
			};
			name = Debug;
		};
		A744DFC72079246200F667D8 /* Release */ = {
			isa = XCBuildConfiguration;
			buildSettings = {
				ALWAYS_SEARCH_USER_PATHS = NO;
				CLANG_ANALYZER_NONNULL = YES;
				CLANG_ANALYZER_NUMBER_OBJECT_CONVERSION = YES_AGGRESSIVE;
				CLANG_CXX_LANGUAGE_STANDARD = "gnu++14";
				CLANG_CXX_LIBRARY = "libc++";
				CLANG_ENABLE_MODULES = YES;
				CLANG_ENABLE_OBJC_ARC = YES;
				CLANG_ENABLE_OBJC_WEAK = YES;
				CLANG_WARN_BLOCK_CAPTURE_AUTORELEASING = YES;
				CLANG_WARN_BOOL_CONVERSION = YES;
				CLANG_WARN_COMMA = YES;
				CLANG_WARN_CONSTANT_CONVERSION = YES;
				CLANG_WARN_DEPRECATED_OBJC_IMPLEMENTATIONS = YES;
				CLANG_WARN_DIRECT_OBJC_ISA_USAGE = YES_ERROR;
				CLANG_WARN_DOCUMENTATION_COMMENTS = YES;
				CLANG_WARN_EMPTY_BODY = YES;
				CLANG_WARN_ENUM_CONVERSION = YES;
				CLANG_WARN_INFINITE_RECURSION = YES;
				CLANG_WARN_INT_CONVERSION = YES;
				CLANG_WARN_NON_LITERAL_NULL_CONVERSION = YES;
				CLANG_WARN_OBJC_IMPLICIT_RETAIN_SELF = YES;
				CLANG_WARN_OBJC_LITERAL_CONVERSION = YES;
				CLANG_WARN_OBJC_ROOT_CLASS = YES_ERROR;
				CLANG_WARN_RANGE_LOOP_ANALYSIS = YES;
				CLANG_WARN_STRICT_PROTOTYPES = YES;
				CLANG_WARN_SUSPICIOUS_MOVE = YES;
				CLANG_WARN_UNGUARDED_AVAILABILITY = YES_AGGRESSIVE;
				CLANG_WARN_UNREACHABLE_CODE = YES;
				CLANG_WARN__DUPLICATE_METHOD_MATCH = YES;
				CODE_SIGN_IDENTITY = "iPhone Developer";
				COPY_PHASE_STRIP = NO;
				DEBUG_INFORMATION_FORMAT = "dwarf-with-dsym";
				ENABLE_NS_ASSERTIONS = NO;
				ENABLE_STRICT_OBJC_MSGSEND = YES;
				GCC_C_LANGUAGE_STANDARD = gnu11;
				GCC_NO_COMMON_BLOCKS = YES;
				GCC_WARN_64_TO_32_BIT_CONVERSION = YES;
				GCC_WARN_ABOUT_RETURN_TYPE = YES_ERROR;
				GCC_WARN_UNDECLARED_SELECTOR = YES;
				GCC_WARN_UNINITIALIZED_AUTOS = YES_AGGRESSIVE;
				GCC_WARN_UNUSED_FUNCTION = YES;
				GCC_WARN_UNUSED_VARIABLE = YES;
				IPHONEOS_DEPLOYMENT_TARGET = 11.3;
				MTL_ENABLE_DEBUG_INFO = NO;
				SDKROOT = iphoneos;
				SWIFT_COMPILATION_MODE = wholemodule;
				SWIFT_OPTIMIZATION_LEVEL = "-O";
				VALIDATE_PRODUCT = YES;
			};
			name = Release;
		};
		A744DFC92079246200F667D8 /* Debug */ = {
			isa = XCBuildConfiguration;
			buildSettings = {
				ASSETCATALOG_COMPILER_APPICON_NAME = AppIcon;
				CODE_SIGN_STYLE = Automatic;
				DEVELOPMENT_TEAM = XB79TPDYKT;
				INFOPLIST_FILE = SportsStore/Info.plist;
				LD_RUNPATH_SEARCH_PATHS = (
					"$(inherited)",
					"@executable_path/Frameworks",
				);
				PRODUCT_BUNDLE_IDENTIFIER = com.cherish215.SportsStore;
				PRODUCT_NAME = "$(TARGET_NAME)";
				SWIFT_VERSION = 4.0;
				TARGETED_DEVICE_FAMILY = "1,2";
			};
			name = Debug;
		};
		A744DFCA2079246200F667D8 /* Release */ = {
			isa = XCBuildConfiguration;
			buildSettings = {
				ASSETCATALOG_COMPILER_APPICON_NAME = AppIcon;
				CODE_SIGN_STYLE = Automatic;
				DEVELOPMENT_TEAM = XB79TPDYKT;
				INFOPLIST_FILE = SportsStore/Info.plist;
				LD_RUNPATH_SEARCH_PATHS = (
					"$(inherited)",
					"@executable_path/Frameworks",
				);
				PRODUCT_BUNDLE_IDENTIFIER = com.cherish215.SportsStore;
				PRODUCT_NAME = "$(TARGET_NAME)";
				SWIFT_VERSION = 4.0;
				TARGETED_DEVICE_FAMILY = "1,2";
			};
			name = Release;
		};
		A744DFCC2079246200F667D8 /* Debug */ = {
			isa = XCBuildConfiguration;
			buildSettings = {
				ALWAYS_EMBED_SWIFT_STANDARD_LIBRARIES = YES;
				BUNDLE_LOADER = "$(TEST_HOST)";
				CODE_SIGN_STYLE = Automatic;
				DEVELOPMENT_TEAM = XB79TPDYKT;
				INFOPLIST_FILE = SportsStoreTests/Info.plist;
				LD_RUNPATH_SEARCH_PATHS = (
					"$(inherited)",
					"@executable_path/Frameworks",
					"@loader_path/Frameworks",
				);
				PRODUCT_BUNDLE_IDENTIFIER = com.cherish215.SportsStoreTests;
				PRODUCT_NAME = "$(TARGET_NAME)";
				SWIFT_VERSION = 4.0;
				TARGETED_DEVICE_FAMILY = "1,2";
				TEST_HOST = "$(BUILT_PRODUCTS_DIR)/SportsStore.app/SportsStore";
			};
			name = Debug;
		};
		A744DFCD2079246200F667D8 /* Release */ = {
			isa = XCBuildConfiguration;
			buildSettings = {
				ALWAYS_EMBED_SWIFT_STANDARD_LIBRARIES = YES;
				BUNDLE_LOADER = "$(TEST_HOST)";
				CODE_SIGN_STYLE = Automatic;
				DEVELOPMENT_TEAM = XB79TPDYKT;
				INFOPLIST_FILE = SportsStoreTests/Info.plist;
				LD_RUNPATH_SEARCH_PATHS = (
					"$(inherited)",
					"@executable_path/Frameworks",
					"@loader_path/Frameworks",
				);
				PRODUCT_BUNDLE_IDENTIFIER = com.cherish215.SportsStoreTests;
				PRODUCT_NAME = "$(TARGET_NAME)";
				SWIFT_VERSION = 4.0;
				TARGETED_DEVICE_FAMILY = "1,2";
				TEST_HOST = "$(BUILT_PRODUCTS_DIR)/SportsStore.app/SportsStore";
			};
			name = Release;
		};
		A744DFCF2079246200F667D8 /* Debug */ = {
			isa = XCBuildConfiguration;
			buildSettings = {
				ALWAYS_EMBED_SWIFT_STANDARD_LIBRARIES = YES;
				CODE_SIGN_STYLE = Automatic;
				DEVELOPMENT_TEAM = XB79TPDYKT;
				INFOPLIST_FILE = SportsStoreUITests/Info.plist;
				LD_RUNPATH_SEARCH_PATHS = (
					"$(inherited)",
					"@executable_path/Frameworks",
					"@loader_path/Frameworks",
				);
				PRODUCT_BUNDLE_IDENTIFIER = com.cherish215.SportsStoreUITests;
				PRODUCT_NAME = "$(TARGET_NAME)";
				SWIFT_VERSION = 4.0;
				TARGETED_DEVICE_FAMILY = "1,2";
				TEST_TARGET_NAME = SportsStore;
			};
			name = Debug;
		};
		A744DFD02079246200F667D8 /* Release */ = {
			isa = XCBuildConfiguration;
			buildSettings = {
				ALWAYS_EMBED_SWIFT_STANDARD_LIBRARIES = YES;
				CODE_SIGN_STYLE = Automatic;
				DEVELOPMENT_TEAM = XB79TPDYKT;
				INFOPLIST_FILE = SportsStoreUITests/Info.plist;
				LD_RUNPATH_SEARCH_PATHS = (
					"$(inherited)",
					"@executable_path/Frameworks",
					"@loader_path/Frameworks",
				);
				PRODUCT_BUNDLE_IDENTIFIER = com.cherish215.SportsStoreUITests;
				PRODUCT_NAME = "$(TARGET_NAME)";
				SWIFT_VERSION = 4.0;
				TARGETED_DEVICE_FAMILY = "1,2";
				TEST_TARGET_NAME = SportsStore;
			};
			name = Release;
		};
/* End XCBuildConfiguration section */

/* Begin XCConfigurationList section */
		A744DF9B2079246100F667D8 /* Build configuration list for PBXProject "SportsStore" */ = {
			isa = XCConfigurationList;
			buildConfigurations = (
				A744DFC62079246200F667D8 /* Debug */,
				A744DFC72079246200F667D8 /* Release */,
			);
			defaultConfigurationIsVisible = 0;
			defaultConfigurationName = Release;
		};
		A744DFC82079246200F667D8 /* Build configuration list for PBXNativeTarget "SportsStore" */ = {
			isa = XCConfigurationList;
			buildConfigurations = (
				A744DFC92079246200F667D8 /* Debug */,
				A744DFCA2079246200F667D8 /* Release */,
			);
			defaultConfigurationIsVisible = 0;
			defaultConfigurationName = Release;
		};
		A744DFCB2079246200F667D8 /* Build configuration list for PBXNativeTarget "SportsStoreTests" */ = {
			isa = XCConfigurationList;
			buildConfigurations = (
				A744DFCC2079246200F667D8 /* Debug */,
				A744DFCD2079246200F667D8 /* Release */,
			);
			defaultConfigurationIsVisible = 0;
			defaultConfigurationName = Release;
		};
		A744DFCE2079246200F667D8 /* Build configuration list for PBXNativeTarget "SportsStoreUITests" */ = {
			isa = XCConfigurationList;
			buildConfigurations = (
				A744DFCF2079246200F667D8 /* Debug */,
				A744DFD02079246200F667D8 /* Release */,
			);
			defaultConfigurationIsVisible = 0;
			defaultConfigurationName = Release;
		};
/* End XCConfigurationList section */
	};
	rootObject = A744DF982079246100F667D8 /* Project object */;
}
